// !$*UTF8*$!
{
	archiveVersion = 1;
	classes = {
	};
	objectVersion = 56;
	objects = {

/* Begin PBXBuildFile section */
		D4C5734A29EFF66B00A42463 /* AppDelegate.swift in Sources */ = {isa = PBXBuildFile; fileRef = D4C5734929EFF66B00A42463 /* AppDelegate.swift */; };
		D4C5734C29EFF66B00A42463 /* SceneDelegate.swift in Sources */ = {isa = PBXBuildFile; fileRef = D4C5734B29EFF66B00A42463 /* SceneDelegate.swift */; };
		D4C5734E29EFF66B00A42463 /* ViewController.swift in Sources */ = {isa = PBXBuildFile; fileRef = D4C5734D29EFF66B00A42463 /* ViewController.swift */; };
		D4C5735129EFF66B00A42463 /* Main.storyboard in Resources */ = {isa = PBXBuildFile; fileRef = D4C5734F29EFF66B00A42463 /* Main.storyboard */; };
		D4C5735329EFF66D00A42463 /* Assets.xcassets in Resources */ = {isa = PBXBuildFile; fileRef = D4C5735229EFF66D00A42463 /* Assets.xcassets */; };
		D4C5735629EFF66D00A42463 /* LaunchScreen.storyboard in Resources */ = {isa = PBXBuildFile; fileRef = D4C5735429EFF66D00A42463 /* LaunchScreen.storyboard */; };
		D4C5736129EFF66D00A42463 /* Lifecycle_MethodsTests.swift in Sources */ = {isa = PBXBuildFile; fileRef = D4C5736029EFF66D00A42463 /* Lifecycle_MethodsTests.swift */; };
		D4C5736B29EFF66D00A42463 /* Lifecycle_MethodsUITests.swift in Sources */ = {isa = PBXBuildFile; fileRef = D4C5736A29EFF66D00A42463 /* Lifecycle_MethodsUITests.swift */; };
		D4C5736D29EFF66D00A42463 /* Lifecycle_MethodsUITestsLaunchTests.swift in Sources */ = {isa = PBXBuildFile; fileRef = D4C5736C29EFF66D00A42463 /* Lifecycle_MethodsUITestsLaunchTests.swift */; };
/* End PBXBuildFile section */

/* Begin PBXContainerItemProxy section */
		D4C5735D29EFF66D00A42463 /* PBXContainerItemProxy */ = {
			isa = PBXContainerItemProxy;
			containerPortal = D4C5733E29EFF66B00A42463 /* Project object */;
			proxyType = 1;
			remoteGlobalIDString = D4C5734529EFF66B00A42463;
			remoteInfo = "Lifecycle-Methods";
		};
		D4C5736729EFF66D00A42463 /* PBXContainerItemProxy */ = {
			isa = PBXContainerItemProxy;
			containerPortal = D4C5733E29EFF66B00A42463 /* Project object */;
			proxyType = 1;
			remoteGlobalIDString = D4C5734529EFF66B00A42463;
			remoteInfo = "Lifecycle-Methods";
		};
/* End PBXContainerItemProxy section */

/* Begin PBXFileReference section */
		D4C5734629EFF66B00A42463 /* Lifecycle-Methods.app */ = {isa = PBXFileReference; explicitFileType = wrapper.application; includeInIndex = 0; path = "Lifecycle-Methods.app"; sourceTree = BUILT_PRODUCTS_DIR; };
		D4C5734929EFF66B00A42463 /* AppDelegate.swift */ = {isa = PBXFileReference; lastKnownFileType = sourcecode.swift; path = AppDelegate.swift; sourceTree = "<group>"; };
		D4C5734B29EFF66B00A42463 /* SceneDelegate.swift */ = {isa = PBXFileReference; lastKnownFileType = sourcecode.swift; path = SceneDelegate.swift; sourceTree = "<group>"; };
		D4C5734D29EFF66B00A42463 /* ViewController.swift */ = {isa = PBXFileReference; lastKnownFileType = sourcecode.swift; path = ViewController.swift; sourceTree = "<group>"; };
		D4C5735029EFF66B00A42463 /* Base */ = {isa = PBXFileReference; lastKnownFileType = file.storyboard; name = Base; path = Base.lproj/Main.storyboard; sourceTree = "<group>"; };
		D4C5735229EFF66D00A42463 /* Assets.xcassets */ = {isa = PBXFileReference; lastKnownFileType = folder.assetcatalog; path = Assets.xcassets; sourceTree = "<group>"; };
		D4C5735529EFF66D00A42463 /* Base */ = {isa = PBXFileReference; lastKnownFileType = file.storyboard; name = Base; path = Base.lproj/LaunchScreen.storyboard; sourceTree = "<group>"; };
		D4C5735729EFF66D00A42463 /* Info.plist */ = {isa = PBXFileReference; lastKnownFileType = text.plist.xml; path = Info.plist; sourceTree = "<group>"; };
		D4C5735C29EFF66D00A42463 /* Lifecycle-MethodsTests.xctest */ = {isa = PBXFileReference; explicitFileType = wrapper.cfbundle; includeInIndex = 0; path = "Lifecycle-MethodsTests.xctest"; sourceTree = BUILT_PRODUCTS_DIR; };
		D4C5736029EFF66D00A42463 /* Lifecycle_MethodsTests.swift */ = {isa = PBXFileReference; lastKnownFileType = sourcecode.swift; path = Lifecycle_MethodsTests.swift; sourceTree = "<group>"; };
		D4C5736629EFF66D00A42463 /* Lifecycle-MethodsUITests.xctest */ = {isa = PBXFileReference; explicitFileType = wrapper.cfbundle; includeInIndex = 0; path = "Lifecycle-MethodsUITests.xctest"; sourceTree = BUILT_PRODUCTS_DIR; };
		D4C5736A29EFF66D00A42463 /* Lifecycle_MethodsUITests.swift */ = {isa = PBXFileReference; lastKnownFileType = sourcecode.swift; path = Lifecycle_MethodsUITests.swift; sourceTree = "<group>"; };
		D4C5736C29EFF66D00A42463 /* Lifecycle_MethodsUITestsLaunchTests.swift */ = {isa = PBXFileReference; lastKnownFileType = sourcecode.swift; path = Lifecycle_MethodsUITestsLaunchTests.swift; sourceTree = "<group>"; };
/* End PBXFileReference section */

/* Begin PBXFrameworksBuildPhase section */
		D4C5734329EFF66B00A42463 /* Frameworks */ = {
			isa = PBXFrameworksBuildPhase;
			buildActionMask = 2147483647;
			files = (
			);
			runOnlyForDeploymentPostprocessing = 0;
		};
		D4C5735929EFF66D00A42463 /* Frameworks */ = {
			isa = PBXFrameworksBuildPhase;
			buildActionMask = 2147483647;
			files = (
			);
			runOnlyForDeploymentPostprocessing = 0;
		};
		D4C5736329EFF66D00A42463 /* Frameworks */ = {
			isa = PBXFrameworksBuildPhase;
			buildActionMask = 2147483647;
			files = (
			);
			runOnlyForDeploymentPostprocessing = 0;
		};
/* End PBXFrameworksBuildPhase section */

/* Begin PBXGroup section */
		D4C5733D29EFF66B00A42463 = {
			isa = PBXGroup;
			children = (
				D4C5734829EFF66B00A42463 /* Lifecycle-Methods */,
				D4C5735F29EFF66D00A42463 /* Lifecycle-MethodsTests */,
				D4C5736929EFF66D00A42463 /* Lifecycle-MethodsUITests */,
				D4C5734729EFF66B00A42463 /* Products */,
			);
			sourceTree = "<group>";
		};
		D4C5734729EFF66B00A42463 /* Products */ = {
			isa = PBXGroup;
			children = (
				D4C5734629EFF66B00A42463 /* Lifecycle-Methods.app */,
				D4C5735C29EFF66D00A42463 /* Lifecycle-MethodsTests.xctest */,
				D4C5736629EFF66D00A42463 /* Lifecycle-MethodsUITests.xctest */,
			);
			name = Products;
			sourceTree = "<group>";
		};
		D4C5734829EFF66B00A42463 /* Lifecycle-Methods */ = {
			isa = PBXGroup;
			children = (
				D4C5734929EFF66B00A42463 /* AppDelegate.swift */,
				D4C5734B29EFF66B00A42463 /* SceneDelegate.swift */,
				D4C5734D29EFF66B00A42463 /* ViewController.swift */,
				D4C5734F29EFF66B00A42463 /* Main.storyboard */,
				D4C5735229EFF66D00A42463 /* Assets.xcassets */,
				D4C5735429EFF66D00A42463 /* LaunchScreen.storyboard */,
				D4C5735729EFF66D00A42463 /* Info.plist */,
			);
			path = "Lifecycle-Methods";
			sourceTree = "<group>";
		};
		D4C5735F29EFF66D00A42463 /* Lifecycle-MethodsTests */ = {
			isa = PBXGroup;
			children = (
				D4C5736029EFF66D00A42463 /* Lifecycle_MethodsTests.swift */,
			);
			path = "Lifecycle-MethodsTests";
			sourceTree = "<group>";
		};
		D4C5736929EFF66D00A42463 /* Lifecycle-MethodsUITests */ = {
			isa = PBXGroup;
			children = (
				D4C5736A29EFF66D00A42463 /* Lifecycle_MethodsUITests.swift */,
				D4C5736C29EFF66D00A42463 /* Lifecycle_MethodsUITestsLaunchTests.swift */,
			);
			path = "Lifecycle-MethodsUITests";
			sourceTree = "<group>";
		};
/* End PBXGroup section */

/* Begin PBXNativeTarget section */
		D4C5734529EFF66B00A42463 /* Lifecycle-Methods */ = {
			isa = PBXNativeTarget;
			buildConfigurationList = D4C5737029EFF66D00A42463 /* Build configuration list for PBXNativeTarget "Lifecycle-Methods" */;
			buildPhases = (
				D4C5734229EFF66B00A42463 /* Sources */,
				D4C5734329EFF66B00A42463 /* Frameworks */,
				D4C5734429EFF66B00A42463 /* Resources */,
			);
			buildRules = (
			);
			dependencies = (
			);
			name = "Lifecycle-Methods";
			productName = "Lifecycle-Methods";
			productReference = D4C5734629EFF66B00A42463 /* Lifecycle-Methods.app */;
			productType = "com.apple.product-type.application";
		};
		D4C5735B29EFF66D00A42463 /* Lifecycle-MethodsTests */ = {
			isa = PBXNativeTarget;
			buildConfigurationList = D4C5737329EFF66D00A42463 /* Build configuration list for PBXNativeTarget "Lifecycle-MethodsTests" */;
			buildPhases = (
				D4C5735829EFF66D00A42463 /* Sources */,
				D4C5735929EFF66D00A42463 /* Frameworks */,
				D4C5735A29EFF66D00A42463 /* Resources */,
			);
			buildRules = (
			);
			dependencies = (
				D4C5735E29EFF66D00A42463 /* PBXTargetDependency */,
			);
			name = "Lifecycle-MethodsTests";
			productName = "Lifecycle-MethodsTests";
			productReference = D4C5735C29EFF66D00A42463 /* Lifecycle-MethodsTests.xctest */;
			productType = "com.apple.product-type.bundle.unit-test";
		};
		D4C5736529EFF66D00A42463 /* Lifecycle-MethodsUITests */ = {
			isa = PBXNativeTarget;
			buildConfigurationList = D4C5737629EFF66D00A42463 /* Build configuration list for PBXNativeTarget "Lifecycle-MethodsUITests" */;
			buildPhases = (
				D4C5736229EFF66D00A42463 /* Sources */,
				D4C5736329EFF66D00A42463 /* Frameworks */,
				D4C5736429EFF66D00A42463 /* Resources */,
			);
			buildRules = (
			);
			dependencies = (
				D4C5736829EFF66D00A42463 /* PBXTargetDependency */,
			);
			name = "Lifecycle-MethodsUITests";
			productName = "Lifecycle-MethodsUITests";
			productReference = D4C5736629EFF66D00A42463 /* Lifecycle-MethodsUITests.xctest */;
			productType = "com.apple.product-type.bundle.ui-testing";
		};
/* End PBXNativeTarget section */

/* Begin PBXProject section */
		D4C5733E29EFF66B00A42463 /* Project object */ = {
			isa = PBXProject;
			attributes = {
				BuildIndependentTargetsInParallel = 1;
				LastSwiftUpdateCheck = 1430;
				LastUpgradeCheck = 1430;
				TargetAttributes = {
					D4C5734529EFF66B00A42463 = {
						CreatedOnToolsVersion = 14.3;
					};
					D4C5735B29EFF66D00A42463 = {
						CreatedOnToolsVersion = 14.3;
						TestTargetID = D4C5734529EFF66B00A42463;
					};
					D4C5736529EFF66D00A42463 = {
						CreatedOnToolsVersion = 14.3;
						TestTargetID = D4C5734529EFF66B00A42463;
					};
				};
			};
			buildConfigurationList = D4C5734129EFF66B00A42463 /* Build configuration list for PBXProject "Lifecycle-Methods" */;
			compatibilityVersion = "Xcode 14.0";
			developmentRegion = en;
			hasScannedForEncodings = 0;
			knownRegions = (
				en,
				Base,
			);
			mainGroup = D4C5733D29EFF66B00A42463;
			productRefGroup = D4C5734729EFF66B00A42463 /* Products */;
			projectDirPath = "";
			projectRoot = "";
			targets = (
				D4C5734529EFF66B00A42463 /* Lifecycle-Methods */,
				D4C5735B29EFF66D00A42463 /* Lifecycle-MethodsTests */,
				D4C5736529EFF66D00A42463 /* Lifecycle-MethodsUITests */,
			);
		};
/* End PBXProject section */

/* Begin PBXResourcesBuildPhase section */
		D4C5734429EFF66B00A42463 /* Resources */ = {
			isa = PBXResourcesBuildPhase;
			buildActionMask = 2147483647;
			files = (
				D4C5735629EFF66D00A42463 /* LaunchScreen.storyboard in Resources */,
				D4C5735329EFF66D00A42463 /* Assets.xcassets in Resources */,
				D4C5735129EFF66B00A42463 /* Main.storyboard in Resources */,
			);
			runOnlyForDeploymentPostprocessing = 0;
		};
		D4C5735A29EFF66D00A42463 /* Resources */ = {
			isa = PBXResourcesBuildPhase;
			buildActionMask = 2147483647;
			files = (
			);
			runOnlyForDeploymentPostprocessing = 0;
		};
		D4C5736429EFF66D00A42463 /* Resources */ = {
			isa = PBXResourcesBuildPhase;
			buildActionMask = 2147483647;
			files = (
			);
			runOnlyForDeploymentPostprocessing = 0;
		};
/* End PBXResourcesBuildPhase section */

/* Begin PBXSourcesBuildPhase section */
		D4C5734229EFF66B00A42463 /* Sources */ = {
			isa = PBXSourcesBuildPhase;
			buildActionMask = 2147483647;
			files = (
				D4C5734E29EFF66B00A42463 /* ViewController.swift in Sources */,
				D4C5734A29EFF66B00A42463 /* AppDelegate.swift in Sources */,
				D4C5734C29EFF66B00A42463 /* SceneDelegate.swift in Sources */,
			);
			runOnlyForDeploymentPostprocessing = 0;
		};
		D4C5735829EFF66D00A42463 /* Sources */ = {
			isa = PBXSourcesBuildPhase;
			buildActionMask = 2147483647;
			files = (
				D4C5736129EFF66D00A42463 /* Lifecycle_MethodsTests.swift in Sources */,
			);
			runOnlyForDeploymentPostprocessing = 0;
		};
		D4C5736229EFF66D00A42463 /* Sources */ = {
			isa = PBXSourcesBuildPhase;
			buildActionMask = 2147483647;
			files = (
				D4C5736D29EFF66D00A42463 /* Lifecycle_MethodsUITestsLaunchTests.swift in Sources */,
				D4C5736B29EFF66D00A42463 /* Lifecycle_MethodsUITests.swift in Sources */,
			);
			runOnlyForDeploymentPostprocessing = 0;
		};
/* End PBXSourcesBuildPhase section */

/* Begin PBXTargetDependency section */
		D4C5735E29EFF66D00A42463 /* PBXTargetDependency */ = {
			isa = PBXTargetDependency;
			target = D4C5734529EFF66B00A42463 /* Lifecycle-Methods */;
			targetProxy = D4C5735D29EFF66D00A42463 /* PBXContainerItemProxy */;
		};
		D4C5736829EFF66D00A42463 /* PBXTargetDependency */ = {
			isa = PBXTargetDependency;
			target = D4C5734529EFF66B00A42463 /* Lifecycle-Methods */;
			targetProxy = D4C5736729EFF66D00A42463 /* PBXContainerItemProxy */;
		};
/* End PBXTargetDependency section */

/* Begin PBXVariantGroup section */
		D4C5734F29EFF66B00A42463 /* Main.storyboard */ = {
			isa = PBXVariantGroup;
			children = (
				D4C5735029EFF66B00A42463 /* Base */,
			);
			name = Main.storyboard;
			sourceTree = "<group>";
		};
		D4C5735429EFF66D00A42463 /* LaunchScreen.storyboard */ = {
			isa = PBXVariantGroup;
			children = (
				D4C5735529EFF66D00A42463 /* Base */,
			);
			name = LaunchScreen.storyboard;
			sourceTree = "<group>";
		};
/* End PBXVariantGroup section */

/* Begin XCBuildConfiguration section */
		D4C5736E29EFF66D00A42463 /* Debug */ = {
			isa = XCBuildConfiguration;
			buildSettings = {
				ALWAYS_SEARCH_USER_PATHS = NO;
				CLANG_ANALYZER_NONNULL = YES;
				CLANG_ANALYZER_NUMBER_OBJECT_CONVERSION = YES_AGGRESSIVE;
				CLANG_CXX_LANGUAGE_STANDARD = "gnu++20";
				CLANG_ENABLE_MODULES = YES;
				CLANG_ENABLE_OBJC_ARC = YES;
				CLANG_ENABLE_OBJC_WEAK = YES;
				CLANG_WARN_BLOCK_CAPTURE_AUTORELEASING = YES;
				CLANG_WARN_BOOL_CONVERSION = YES;
				CLANG_WARN_COMMA = YES;
				CLANG_WARN_CONSTANT_CONVERSION = YES;
				CLANG_WARN_DEPRECATED_OBJC_IMPLEMENTATIONS = YES;
				CLANG_WARN_DIRECT_OBJC_ISA_USAGE = YES_ERROR;
				CLANG_WARN_DOCUMENTATION_COMMENTS = YES;
				CLANG_WARN_EMPTY_BODY = YES;
				CLANG_WARN_ENUM_CONVERSION = YES;
				CLANG_WARN_INFINITE_RECURSION = YES;
				CLANG_WARN_INT_CONVERSION = YES;
				CLANG_WARN_NON_LITERAL_NULL_CONVERSION = YES;
				CLANG_WARN_OBJC_IMPLICIT_RETAIN_SELF = YES;
				CLANG_WARN_OBJC_LITERAL_CONVERSION = YES;
				CLANG_WARN_OBJC_ROOT_CLASS = YES_ERROR;
				CLANG_WARN_QUOTED_INCLUDE_IN_FRAMEWORK_HEADER = YES;
				CLANG_WARN_RANGE_LOOP_ANALYSIS = YES;
				CLANG_WARN_STRICT_PROTOTYPES = YES;
				CLANG_WARN_SUSPICIOUS_MOVE = YES;
				CLANG_WARN_UNGUARDED_AVAILABILITY = YES_AGGRESSIVE;
				CLANG_WARN_UNREACHABLE_CODE = YES;
				CLANG_WARN__DUPLICATE_METHOD_MATCH = YES;
				COPY_PHASE_STRIP = NO;
				DEBUG_INFORMATION_FORMAT = dwarf;
				ENABLE_STRICT_OBJC_MSGSEND = YES;
				ENABLE_TESTABILITY = YES;
				GCC_C_LANGUAGE_STANDARD = gnu11;
				GCC_DYNAMIC_NO_PIC = NO;
				GCC_NO_COMMON_BLOCKS = YES;
				GCC_OPTIMIZATION_LEVEL = 0;
				GCC_PREPROCESSOR_DEFINITIONS = (
					"DEBUG=1",
					"$(inherited)",
				);
				GCC_WARN_64_TO_32_BIT_CONVERSION = YES;
				GCC_WARN_ABOUT_RETURN_TYPE = YES_ERROR;
				GCC_WARN_UNDECLARED_SELECTOR = YES;
				GCC_WARN_UNINITIALIZED_AUTOS = YES_AGGRESSIVE;
				GCC_WARN_UNUSED_FUNCTION = YES;
				GCC_WARN_UNUSED_VARIABLE = YES;
				IPHONEOS_DEPLOYMENT_TARGET = 16.4;
				MTL_ENABLE_DEBUG_INFO = INCLUDE_SOURCE;
				MTL_FAST_MATH = YES;
				ONLY_ACTIVE_ARCH = YES;
				SDKROOT = iphoneos;
				SWIFT_ACTIVE_COMPILATION_CONDITIONS = DEBUG;
				SWIFT_OPTIMIZATION_LEVEL = "-Onone";
			};
			name = Debug;
		};
		D4C5736F29EFF66D00A42463 /* Release */ = {
			isa = XCBuildConfiguration;
			buildSettings = {
				ALWAYS_SEARCH_USER_PATHS = NO;
				CLANG_ANALYZER_NONNULL = YES;
				CLANG_ANALYZER_NUMBER_OBJECT_CONVERSION = YES_AGGRESSIVE;
				CLANG_CXX_LANGUAGE_STANDARD = "gnu++20";
				CLANG_ENABLE_MODULES = YES;
				CLANG_ENABLE_OBJC_ARC = YES;
				CLANG_ENABLE_OBJC_WEAK = YES;
				CLANG_WARN_BLOCK_CAPTURE_AUTORELEASING = YES;
				CLANG_WARN_BOOL_CONVERSION = YES;
				CLANG_WARN_COMMA = YES;
				CLANG_WARN_CONSTANT_CONVERSION = YES;
				CLANG_WARN_DEPRECATED_OBJC_IMPLEMENTATIONS = YES;
				CLANG_WARN_DIRECT_OBJC_ISA_USAGE = YES_ERROR;
				CLANG_WARN_DOCUMENTATION_COMMENTS = YES;
				CLANG_WARN_EMPTY_BODY = YES;
				CLANG_WARN_ENUM_CONVERSION = YES;
				CLANG_WARN_INFINITE_RECURSION = YES;
				CLANG_WARN_INT_CONVERSION = YES;
				CLANG_WARN_NON_LITERAL_NULL_CONVERSION = YES;
				CLANG_WARN_OBJC_IMPLICIT_RETAIN_SELF = YES;
				CLANG_WARN_OBJC_LITERAL_CONVERSION = YES;
				CLANG_WARN_OBJC_ROOT_CLASS = YES_ERROR;
				CLANG_WARN_QUOTED_INCLUDE_IN_FRAMEWORK_HEADER = YES;
				CLANG_WARN_RANGE_LOOP_ANALYSIS = YES;
				CLANG_WARN_STRICT_PROTOTYPES = YES;
				CLANG_WARN_SUSPICIOUS_MOVE = YES;
				CLANG_WARN_UNGUARDED_AVAILABILITY = YES_AGGRESSIVE;
				CLANG_WARN_UNREACHABLE_CODE = YES;
				CLANG_WARN__DUPLICATE_METHOD_MATCH = YES;
				COPY_PHASE_STRIP = NO;
				DEBUG_INFORMATION_FORMAT = "dwarf-with-dsym";
				ENABLE_NS_ASSERTIONS = NO;
				ENABLE_STRICT_OBJC_MSGSEND = YES;
				GCC_C_LANGUAGE_STANDARD = gnu11;
				GCC_NO_COMMON_BLOCKS = YES;
				GCC_WARN_64_TO_32_BIT_CONVERSION = YES;
				GCC_WARN_ABOUT_RETURN_TYPE = YES_ERROR;
				GCC_WARN_UNDECLARED_SELECTOR = YES;
				GCC_WARN_UNINITIALIZED_AUTOS = YES_AGGRESSIVE;
				GCC_WARN_UNUSED_FUNCTION = YES;
				GCC_WARN_UNUSED_VARIABLE = YES;
				IPHONEOS_DEPLOYMENT_TARGET = 16.4;
				MTL_ENABLE_DEBUG_INFO = NO;
				MTL_FAST_MATH = YES;
				SDKROOT = iphoneos;
				SWIFT_COMPILATION_MODE = wholemodule;
				SWIFT_OPTIMIZATION_LEVEL = "-O";
				VALIDATE_PRODUCT = YES;
			};
			name = Release;
		};
		D4C5737129EFF66D00A42463 /* Debug */ = {
			isa = XCBuildConfiguration;
			buildSettings = {
				ASSETCATALOG_COMPILER_APPICON_NAME = AppIcon;
				ASSETCATALOG_COMPILER_GLOBAL_ACCENT_COLOR_NAME = AccentColor;
				CODE_SIGN_STYLE = Automatic;
				CURRENT_PROJECT_VERSION = 1;
				GENERATE_INFOPLIST_FILE = YES;
				INFOPLIST_FILE = "Lifecycle-Methods/Info.plist";
				INFOPLIST_KEY_UIApplicationSupportsIndirectInputEvents = YES;
				INFOPLIST_KEY_UILaunchStoryboardName = LaunchScreen;
				INFOPLIST_KEY_UIMainStoryboardFile = Main;
				INFOPLIST_KEY_UISupportedInterfaceOrientations_iPad = "UIInterfaceOrientationPortrait UIInterfaceOrientationPortraitUpsideDown UIInterfaceOrientationLandscapeLeft UIInterfaceOrientationLandscapeRight";
				INFOPLIST_KEY_UISupportedInterfaceOrientations_iPhone = "UIInterfaceOrientationPortrait UIInterfaceOrientationLandscapeLeft UIInterfaceOrientationLandscapeRight";
				LD_RUNPATH_SEARCH_PATHS = (
					"$(inherited)",
					"@executable_path/Frameworks",
				);
				MARKETING_VERSION = 1.0;
				PRODUCT_BUNDLE_IDENTIFIER = "com.ghl.Lifecycle-Methods";
				PRODUCT_NAME = "$(TARGET_NAME)";
				SWIFT_EMIT_LOC_STRINGS = YES;
				SWIFT_VERSION = 5.0;
				TARGETED_DEVICE_FAMILY = "1,2";
			};
			name = Debug;
		};
		D4C5737229EFF66D00A42463 /* Release */ = {
			isa = XCBuildConfiguration;
			buildSettings = {
				ASSETCATALOG_COMPILER_APPICON_NAME = AppIcon;
				ASSETCATALOG_COMPILER_GLOBAL_ACCENT_COLOR_NAME = AccentColor;
				CODE_SIGN_STYLE = Automatic;
				CURRENT_PROJECT_VERSION = 1;
				GENERATE_INFOPLIST_FILE = YES;
				INFOPLIST_FILE = "Lifecycle-Methods/Info.plist";
				INFOPLIST_KEY_UIApplicationSupportsIndirectInputEvents = YES;
				INFOPLIST_KEY_UILaunchStoryboardName = LaunchScreen;
				INFOPLIST_KEY_UIMainStoryboardFile = Main;
				INFOPLIST_KEY_UISupportedInterfaceOrientations_iPad = "UIInterfaceOrientationPortrait UIInterfaceOrientationPortraitUpsideDown UIInterfaceOrientationLandscapeLeft UIInterfaceOrientationLandscapeRight";
				INFOPLIST_KEY_UISupportedInterfaceOrientations_iPhone = "UIInterfaceOrientationPortrait UIInterfaceOrientationLandscapeLeft UIInterfaceOrientationLandscapeRight";
				LD_RUNPATH_SEARCH_PATHS = (
					"$(inherited)",
					"@executable_path/Frameworks",
				);
				MARKETING_VERSION = 1.0;
				PRODUCT_BUNDLE_IDENTIFIER = "com.ghl.Lifecycle-Methods";
				PRODUCT_NAME = "$(TARGET_NAME)";
				SWIFT_EMIT_LOC_STRINGS = YES;
				SWIFT_VERSION = 5.0;
				TARGETED_DEVICE_FAMILY = "1,2";
			};
			name = Release;
		};
		D4C5737429EFF66D00A42463 /* Debug */ = {
			isa = XCBuildConfiguration;
			buildSettings = {
				ALWAYS_EMBED_SWIFT_STANDARD_LIBRARIES = YES;
				BUNDLE_LOADER = "$(TEST_HOST)";
				CODE_SIGN_STYLE = Automatic;
				CURRENT_PROJECT_VERSION = 1;
				GENERATE_INFOPLIST_FILE = YES;
				IPHONEOS_DEPLOYMENT_TARGET = 16.4;
				MARKETING_VERSION = 1.0;
				PRODUCT_BUNDLE_IDENTIFIER = "com.ghl.Lifecycle-MethodsTests";
				PRODUCT_NAME = "$(TARGET_NAME)";
				SWIFT_EMIT_LOC_STRINGS = NO;
				SWIFT_VERSION = 5.0;
				TARGETED_DEVICE_FAMILY = "1,2";
				TEST_HOST = "$(BUILT_PRODUCTS_DIR)/Lifecycle-Methods.app/$(BUNDLE_EXECUTABLE_FOLDER_PATH)/Lifecycle-Methods";
			};
			name = Debug;
		};
		D4C5737529EFF66D00A42463 /* Release */ = {
			isa = XCBuildConfiguration;
			buildSettings = {
				ALWAYS_EMBED_SWIFT_STANDARD_LIBRARIES = YES;
				BUNDLE_LOADER = "$(TEST_HOST)";
				CODE_SIGN_STYLE = Automatic;
				CURRENT_PROJECT_VERSION = 1;
				GENERATE_INFOPLIST_FILE = YES;
				IPHONEOS_DEPLOYMENT_TARGET = 16.4;
				MARKETING_VERSION = 1.0;
				PRODUCT_BUNDLE_IDENTIFIER = "com.ghl.Lifecycle-MethodsTests";
				PRODUCT_NAME = "$(TARGET_NAME)";
				SWIFT_EMIT_LOC_STRINGS = NO;
				SWIFT_VERSION = 5.0;
				TARGETED_DEVICE_FAMILY = "1,2";
				TEST_HOST = "$(BUILT_PRODUCTS_DIR)/Lifecycle-Methods.app/$(BUNDLE_EXECUTABLE_FOLDER_PATH)/Lifecycle-Methods";
			};
			name = Release;
		};
		D4C5737729EFF66D00A42463 /* Debug */ = {
			isa = XCBuildConfiguration;
			buildSettings = {
				ALWAYS_EMBED_SWIFT_STANDARD_LIBRARIES = YES;
				CODE_SIGN_STYLE = Automatic;
				CURRENT_PROJECT_VERSION = 1;
				GENERATE_INFOPLIST_FILE = YES;
				MARKETING_VERSION = 1.0;
				PRODUCT_BUNDLE_IDENTIFIER = "com.ghl.Lifecycle-MethodsUITests";
				PRODUCT_NAME = "$(TARGET_NAME)";
				SWIFT_EMIT_LOC_STRINGS = NO;
				SWIFT_VERSION = 5.0;
				TARGETED_DEVICE_FAMILY = "1,2";
				TEST_TARGET_NAME = "Lifecycle-Methods";
			};
			name = Debug;
		};
		D4C5737829EFF66D00A42463 /* Release */ = {
			isa = XCBuildConfiguration;
			buildSettings = {
				ALWAYS_EMBED_SWIFT_STANDARD_LIBRARIES = YES;
				CODE_SIGN_STYLE = Automatic;
				CURRENT_PROJECT_VERSION = 1;
				GENERATE_INFOPLIST_FILE = YES;
				MARKETING_VERSION = 1.0;
				PRODUCT_BUNDLE_IDENTIFIER = "com.ghl.Lifecycle-MethodsUITests";
				PRODUCT_NAME = "$(TARGET_NAME)";
				SWIFT_EMIT_LOC_STRINGS = NO;
				SWIFT_VERSION = 5.0;
				TARGETED_DEVICE_FAMILY = "1,2";
				TEST_TARGET_NAME = "Lifecycle-Methods";
			};
			name = Release;
		};
/* End XCBuildConfiguration section */

/* Begin XCConfigurationList section */
		D4C5734129EFF66B00A42463 /* Build configuration list for PBXProject "Lifecycle-Methods" */ = {
			isa = XCConfigurationList;
			buildConfigurations = (
				D4C5736E29EFF66D00A42463 /* Debug */,
				D4C5736F29EFF66D00A42463 /* Release */,
			);
			defaultConfigurationIsVisible = 0;
			defaultConfigurationName = Release;
		};
		D4C5737029EFF66D00A42463 /* Build configuration list for PBXNativeTarget "Lifecycle-Methods" */ = {
			isa = XCConfigurationList;
			buildConfigurations = (
				D4C5737129EFF66D00A42463 /* Debug */,
				D4C5737229EFF66D00A42463 /* Release */,
			);
			defaultConfigurationIsVisible = 0;
			defaultConfigurationName = Release;
		};
		D4C5737329EFF66D00A42463 /* Build configuration list for PBXNativeTarget "Lifecycle-MethodsTests" */ = {
			isa = XCConfigurationList;
			buildConfigurations = (
				D4C5737429EFF66D00A42463 /* Debug */,
				D4C5737529EFF66D00A42463 /* Release */,
			);
			defaultConfigurationIsVisible = 0;
			defaultConfigurationName = Release;
		};
		D4C5737629EFF66D00A42463 /* Build configuration list for PBXNativeTarget "Lifecycle-MethodsUITests" */ = {
			isa = XCConfigurationList;
			buildConfigurations = (
				D4C5737729EFF66D00A42463 /* Debug */,
				D4C5737829EFF66D00A42463 /* Release */,
			);
			defaultConfigurationIsVisible = 0;
			defaultConfigurationName = Release;
		};
/* End XCConfigurationList section */
	};
	rootObject = D4C5733E29EFF66B00A42463 /* Project object */;
}
